
Microsoft Visual Studio Solution File, Format Version 12.00
# Visual Studio 15
VisualStudioVersion = 15.0.28307.1022
MinimumVisualStudioVersion = 10.0.40219.1
Project("{FAE04EC0-301F-11D3-BF4B-00C04F79EFBC}") = "Client", "Client\Client.csproj", "{A17C5DCE-4A26-4FFC-AD34-12183BD2C95E}"
EndProject
Project("{FAE04EC0-301F-11D3-BF4B-00C04F79EFBC}") = "WebClient", "WebClient\WebClient.csproj", "{B4FE3433-22CD-489C-AE1F-F32508415B15}"
EndProject
Project("{FAE04EC0-301F-11D3-BF4B-00C04F79EFBC}") = "WebClientTest", "WebClientTest\WebClientTest.csproj", "{2CFE5A21-2764-441A-838E-D303527705D7}"
EndProject
Project("{FAE04EC0-301F-11D3-BF4B-00C04F79EFBC}") = "XmlAdapter", "XmlAdapter\XmlAdapter.csproj", "{8FC59757-6DFD-4196-BC4D-1A795F9884FE}"
EndProject
Project("{FAE04EC0-301F-11D3-BF4B-00C04F79EFBC}") = "XmlAdapterTest", "XmlAdapterTest\XmlAdapterTest.csproj", "{6E09DC70-1804-40FB-BA97-5E2EEF032065}"
EndProject
Project("{FAE04EC0-301F-11D3-BF4B-00C04F79EFBC}") = "XmlToDBAdapter", "XmlToDBAdapter\XmlToDBAdapter.csproj", "{6A8DBB7E-DBDF-4FAA-8B56-74F3F299630C}"
EndProject
Project("{FAE04EC0-301F-11D3-BF4B-00C04F79EFBC}") = "XmlToDBAdapterTest", "XmlToDBAdapterTest\XmlToDBAdapterTest.csproj", "{CC5FD0DF-4CCF-47DF-B8C8-8C9B7CD2DFBD}"
EndProject
Project("{FAE04EC0-301F-11D3-BF4B-00C04F79EFBC}") = "ComBus", "ComBus\ComBus.csproj", "{F9A45D61-9A2B-4B27-84F4-5866041F57C4}"
EndProject
Project("{FAE04EC0-301F-11D3-BF4B-00C04F79EFBC}") = "ComBusTest", "ComBusTest\ComBusTest.csproj", "{0C26C71D-50E7-41FE-A0ED-85236E2D0617}"
EndProject
Project("{FAE04EC0-301F-11D3-BF4B-00C04F79EFBC}") = "Repository", "Repository\Repository.csproj", "{17B1637D-5B2F-43F0-8D71-EE7E56C9C327}"
EndProject
Project("{FAE04EC0-301F-11D3-BF4B-00C04F79EFBC}") = "RepositoryTest", "RepositoryTest\RepositoryTest.csproj", "{A5766027-3B79-49A9-A2C1-F263525E9E5B}"
EndProject
Project("{FAE04EC0-301F-11D3-BF4B-00C04F79EFBC}") = "DataBaseMaker", "DataBaseMaker\DataBaseMaker.csproj", "{2D68BEBC-DDBD-45BE-85D7-AE6A4D0210C8}"
EndProject
Global
	GlobalSection(SolutionConfigurationPlatforms) = preSolution
		Debug|Any CPU = Debug|Any CPU
		Release|Any CPU = Release|Any CPU
	EndGlobalSection
	GlobalSection(ProjectConfigurationPlatforms) = postSolution
		{A17C5DCE-4A26-4FFC-AD34-12183BD2C95E}.Debug|Any CPU.ActiveCfg = Debug|Any CPU
		{A17C5DCE-4A26-4FFC-AD34-12183BD2C95E}.Debug|Any CPU.Build.0 = Debug|Any CPU
		{A17C5DCE-4A26-4FFC-AD34-12183BD2C95E}.Release|Any CPU.ActiveCfg = Release|Any CPU
		{A17C5DCE-4A26-4FFC-AD34-12183BD2C95E}.Release|Any CPU.Build.0 = Release|Any CPU
		{B4FE3433-22CD-489C-AE1F-F32508415B15}.Debug|Any CPU.ActiveCfg = Debug|Any CPU
		{B4FE3433-22CD-489C-AE1F-F32508415B15}.Debug|Any CPU.Build.0 = Debug|Any CPU
		{B4FE3433-22CD-489C-AE1F-F32508415B15}.Release|Any CPU.ActiveCfg = Release|Any CPU
		{B4FE3433-22CD-489C-AE1F-F32508415B15}.Release|Any CPU.Build.0 = Release|Any CPU
		{2CFE5A21-2764-441A-838E-D303527705D7}.Debug|Any CPU.ActiveCfg = Debug|Any CPU
		{2CFE5A21-2764-441A-838E-D303527705D7}.Debug|Any CPU.Build.0 = Debug|Any CPU
		{2CFE5A21-2764-441A-838E-D303527705D7}.Release|Any CPU.ActiveCfg = Release|Any CPU
		{2CFE5A21-2764-441A-838E-D303527705D7}.Release|Any CPU.Build.0 = Release|Any CPU
		{8FC59757-6DFD-4196-BC4D-1A795F9884FE}.Debug|Any CPU.ActiveCfg = Debug|Any CPU
		{8FC59757-6DFD-4196-BC4D-1A795F9884FE}.Debug|Any CPU.Build.0 = Debug|Any CPU
		{8FC59757-6DFD-4196-BC4D-1A795F9884FE}.Release|Any CPU.ActiveCfg = Release|Any CPU
		{8FC59757-6DFD-4196-BC4D-1A795F9884FE}.Release|Any CPU.Build.0 = Release|Any CPU
		{6E09DC70-1804-40FB-BA97-5E2EEF032065}.Debug|Any CPU.ActiveCfg = Debug|Any CPU
		{6E09DC70-1804-40FB-BA97-5E2EEF032065}.Debug|Any CPU.Build.0 = Debug|Any CPU
		{6E09DC70-1804-40FB-BA97-5E2EEF032065}.Release|Any CPU.ActiveCfg = Release|Any CPU
		{6E09DC70-1804-40FB-BA97-5E2EEF032065}.Release|Any CPU.Build.0 = Release|Any CPU
		{6A8DBB7E-DBDF-4FAA-8B56-74F3F299630C}.Debug|Any CPU.ActiveCfg = Debug|Any CPU
		{6A8DBB7E-DBDF-4FAA-8B56-74F3F299630C}.Debug|Any CPU.Build.0 = Debug|Any CPU
		{6A8DBB7E-DBDF-4FAA-8B56-74F3F299630C}.Release|Any CPU.ActiveCfg = Release|Any CPU
		{6A8DBB7E-DBDF-4FAA-8B56-74F3F299630C}.Release|Any CPU.Build.0 = Release|Any CPU
		{CC5FD0DF-4CCF-47DF-B8C8-8C9B7CD2DFBD}.Debug|Any CPU.ActiveCfg = Debug|Any CPU
		{CC5FD0DF-4CCF-47DF-B8C8-8C9B7CD2DFBD}.Debug|Any CPU.Build.0 = Debug|Any CPU
		{CC5FD0DF-4CCF-47DF-B8C8-8C9B7CD2DFBD}.Release|Any CPU.ActiveCfg = Release|Any CPU
		{CC5FD0DF-4CCF-47DF-B8C8-8C9B7CD2DFBD}.Release|Any CPU.Build.0 = Release|Any CPU
		{F9A45D61-9A2B-4B27-84F4-5866041F57C4}.Debug|Any CPU.ActiveCfg = Debug|Any CPU
		{F9A45D61-9A2B-4B27-84F4-5866041F57C4}.Debug|Any CPU.Build.0 = Debug|Any CPU
		{F9A45D61-9A2B-4B27-84F4-5866041F57C4}.Release|Any CPU.ActiveCfg = Release|Any CPU
		{F9A45D61-9A2B-4B27-84F4-5866041F57C4}.Release|Any CPU.Build.0 = Release|Any CPU
		{0C26C71D-50E7-41FE-A0ED-85236E2D0617}.Debug|Any CPU.ActiveCfg = Debug|Any CPU
		{0C26C71D-50E7-41FE-A0ED-85236E2D0617}.Debug|Any CPU.Build.0 = Debug|Any CPU
		{0C26C71D-50E7-41FE-A0ED-85236E2D0617}.Release|Any CPU.ActiveCfg = Release|Any CPU
		{0C26C71D-50E7-41FE-A0ED-85236E2D0617}.Release|Any CPU.Build.0 = Release|Any CPU
		{17B1637D-5B2F-43F0-8D71-EE7E56C9C327}.Debug|Any CPU.ActiveCfg = Debug|Any CPU
		{17B1637D-5B2F-43F0-8D71-EE7E56C9C327}.Debug|Any CPU.Build.0 = Debug|Any CPU
		{17B1637D-5B2F-43F0-8D71-EE7E56C9C327}.Release|Any CPU.ActiveCfg = Release|Any CPU
		{17B1637D-5B2F-43F0-8D71-EE7E56C9C327}.Release|Any CPU.Build.0 = Release|Any CPU
		{A5766027-3B79-49A9-A2C1-F263525E9E5B}.Debug|Any CPU.ActiveCfg = Debug|Any CPU
		{A5766027-3B79-49A9-A2C1-F263525E9E5B}.Debug|Any CPU.Build.0 = Debug|Any CPU
		{A5766027-3B79-49A9-A2C1-F263525E9E5B}.Release|Any CPU.ActiveCfg = Release|Any CPU
		{A5766027-3B79-49A9-A2C1-F263525E9E5B}.Release|Any CPU.Build.0 = Release|Any CPU
		{2D68BEBC-DDBD-45BE-85D7-AE6A4D0210C8}.Debug|Any CPU.ActiveCfg = Debug|Any CPU
		{2D68BEBC-DDBD-45BE-85D7-AE6A4D0210C8}.Debug|Any CPU.Build.0 = Debug|Any CPU
		{2D68BEBC-DDBD-45BE-85D7-AE6A4D0210C8}.Release|Any CPU.ActiveCfg = Release|Any CPU
		{2D68BEBC-DDBD-45BE-85D7-AE6A4D0210C8}.Release|Any CPU.Build.0 = Release|Any CPU
	EndGlobalSection
	GlobalSection(SolutionProperties) = preSolution
		HideSolutionNode = FALSE
	EndGlobalSection
	GlobalSection(ExtensibilityGlobals) = postSolution
		SolutionGuid = {F7854989-3015-4B1B-B947-0B992E787750}
	EndGlobalSection
EndGlobal
